// !$*UTF8*$!
{
	archiveVersion = 1;
	classes = {
	};
	objectVersion = 56;
	objects = {

/* Begin PBXBuildFile section */
		23607BFA2C8978E600A23716 /* PostingViewModel.swift in Sources */ = {isa = PBXBuildFile; fileRef = 23607BF92C8978E600A23716 /* PostingViewModel.swift */; };
		23607C022C8A930100A23716 /* UIButton.swift in Sources */ = {isa = PBXBuildFile; fileRef = 23607C012C8A930100A23716 /* UIButton.swift */; };
		5602B05E2C8A82E50060F03B /* ProfileViewController.swift in Sources */ = {isa = PBXBuildFile; fileRef = 5602B05D2C8A82E50060F03B /* ProfileViewController.swift */; };
		5602B0692C8AEA340060F03B /* ProfileCell.swift in Sources */ = {isa = PBXBuildFile; fileRef = 5602B0682C8AEA340060F03B /* ProfileCell.swift */; };
		5602B0712C8AF4EF0060F03B /* PuppyHeaderCell.swift in Sources */ = {isa = PBXBuildFile; fileRef = 5602B0702C8AF4EF0060F03B /* PuppyHeaderCell.swift */; };
		5602B0862C8E0C6F0060F03B /* ProfileViewModel.swift in Sources */ = {isa = PBXBuildFile; fileRef = 5602B0852C8E0C6F0060F03B /* ProfileViewModel.swift */; };
		5602B0882C8E10D50060F03B /* Config.xcconfig in Resources */ = {isa = PBXBuildFile; fileRef = 5602B0872C8E10D50060F03B /* Config.xcconfig */; };
		56D686C52C7DA88500B00880 /* SignupViewController.swift in Sources */ = {isa = PBXBuildFile; fileRef = 56D686C42C7DA88500B00880 /* SignupViewController.swift */; };
		56D686C82C7DB09600B00880 /* LoginViewController.swift in Sources */ = {isa = PBXBuildFile; fileRef = 56D686C72C7DB09600B00880 /* LoginViewController.swift */; };
		56D686CC2C7DC88700B00880 /* PptLoginViewController.swift in Sources */ = {isa = PBXBuildFile; fileRef = 56D686CB2C7DC88600B00880 /* PptLoginViewController.swift */; };
		56FD048F2C80171100EBCDCD /* MyChattingTableViewCell.swift in Sources */ = {isa = PBXBuildFile; fileRef = 56FD048E2C80171100EBCDCD /* MyChattingTableViewCell.swift */; };
		56FD04912C80172B00EBCDCD /* ChattingTableViewCell.swift in Sources */ = {isa = PBXBuildFile; fileRef = 56FD04902C80172B00EBCDCD /* ChattingTableViewCell.swift */; };
		56FD04932C856C4200EBCDCD /* FindingPasswordViewController.swift in Sources */ = {isa = PBXBuildFile; fileRef = 56FD04922C856C4200EBCDCD /* FindingPasswordViewController.swift */; };
		56FD04952C856C6E00EBCDCD /* ChangePasswordViewController.swift in Sources */ = {isa = PBXBuildFile; fileRef = 56FD04942C856C6E00EBCDCD /* ChangePasswordViewController.swift */; };
		A2085DA32C7D678400698923 /* GoogleSignIn in Frameworks */ = {isa = PBXBuildFile; productRef = A2085DA22C7D678400698923 /* GoogleSignIn */; };
		A2085DA52C7D678400698923 /* GoogleSignInSwift in Frameworks */ = {isa = PBXBuildFile; productRef = A2085DA42C7D678400698923 /* GoogleSignInSwift */; };
		A2085DC62C7EB37400698923 /* ChatListViewController.swift in Sources */ = {isa = PBXBuildFile; fileRef = A2085DC52C7EB37400698923 /* ChatListViewController.swift */; };
		A2085DC82C7EB4BA00698923 /* ChatTableViewCell.swift in Sources */ = {isa = PBXBuildFile; fileRef = A2085DC72C7EB4BA00698923 /* ChatTableViewCell.swift */; };
		A2085DCA2C80395B00698923 /* Member.swift in Sources */ = {isa = PBXBuildFile; fileRef = A2085DC92C80395B00698923 /* Member.swift */; };
		A2085DCD2C804C3600698923 /* SignUpViewModel.swift in Sources */ = {isa = PBXBuildFile; fileRef = A2085DCC2C804C3600698923 /* SignUpViewModel.swift */; };
		A2085DCF2C804C7300698923 /* FirebaseAuthManager.swift in Sources */ = {isa = PBXBuildFile; fileRef = A2085DCE2C804C7300698923 /* FirebaseAuthManager.swift */; };
		A2085DD12C8059F400698923 /* FireStoreDatabaseManager.swift in Sources */ = {isa = PBXBuildFile; fileRef = A2085DD02C8059F400698923 /* FireStoreDatabaseManager.swift */; };
		A2085DD42C80622B00698923 /* PptLoginViewModel.swift in Sources */ = {isa = PBXBuildFile; fileRef = A2085DD32C80622B00698923 /* PptLoginViewModel.swift */; };
		A2085DD62C806A4D00698923 /* LoginViewModel.swift in Sources */ = {isa = PBXBuildFile; fileRef = A2085DD52C806A4D00698923 /* LoginViewModel.swift */; };
		A2F9FE1D2C859E54004D7FF6 /* FindingPasswordViewModel.swift in Sources */ = {isa = PBXBuildFile; fileRef = A2F9FE1C2C859E54004D7FF6 /* FindingPasswordViewModel.swift */; };
		A2F9FE4D2C896EE0004D7FF6 /* AppController.swift in Sources */ = {isa = PBXBuildFile; fileRef = A2F9FE4C2C896EE0004D7FF6 /* AppController.swift */; };
		A2F9FE512C89D561004D7FF6 /* ChatModel.swift in Sources */ = {isa = PBXBuildFile; fileRef = A2F9FE502C89D561004D7FF6 /* ChatModel.swift */; };
		A2F9FE532C89D9CE004D7FF6 /* FirebaseRealtimeDatabaseManager.swift in Sources */ = {isa = PBXBuildFile; fileRef = A2F9FE522C89D9CE004D7FF6 /* FirebaseRealtimeDatabaseManager.swift */; };
		A2F9FE552C89E082004D7FF6 /* ChatRoomViewModel.swift in Sources */ = {isa = PBXBuildFile; fileRef = A2F9FE542C89E082004D7FF6 /* ChatRoomViewModel.swift */; };
		A2F9FE592C8C2193004D7FF6 /* MyInfoEditVIewModel.swift in Sources */ = {isa = PBXBuildFile; fileRef = A2F9FE582C8C2193004D7FF6 /* MyInfoEditVIewModel.swift */; };
		A2F9FE5B2C8C4D8C004D7FF6 /* GoogleService-Info.plist in Resources */ = {isa = PBXBuildFile; fileRef = A2F9FE5A2C8C4D8C004D7FF6 /* GoogleService-Info.plist */; };
		A2F9FE5E2C8C4DAD004D7FF6 /* FirebaseStorage in Frameworks */ = {isa = PBXBuildFile; productRef = A2F9FE5D2C8C4DAD004D7FF6 /* FirebaseStorage */; };
		A2F9FE602C8C4DC8004D7FF6 /* FirebaseStorageManager.swift in Sources */ = {isa = PBXBuildFile; fileRef = A2F9FE5F2C8C4DC8004D7FF6 /* FirebaseStorageManager.swift */; };
		A2F9FE6C2C8DAF18004D7FF6 /* Pet.swift in Sources */ = {isa = PBXBuildFile; fileRef = A2F9FE6B2C8DAF18004D7FF6 /* Pet.swift */; };
		A2F9FE6E2C8DAFD8004D7FF6 /* PuppyRegistrationViewModel.swift in Sources */ = {isa = PBXBuildFile; fileRef = A2F9FE6D2C8DAFD8004D7FF6 /* PuppyRegistrationViewModel.swift */; };
		A2F9FE772C8DF3CB004D7FF6 /* Config.xcconfig in Resources */ = {isa = PBXBuildFile; fileRef = A2F9FE762C8DF3CB004D7FF6 /* Config.xcconfig */; };
		A2F9FE7A2C8E6BBB004D7FF6 /* ChatDateTableViewCell.swift in Sources */ = {isa = PBXBuildFile; fileRef = A2F9FE792C8E6BBB004D7FF6 /* ChatDateTableViewCell.swift */; };
		A2F9FE7C2C8E6BF7004D7FF6 /* Date.swift in Sources */ = {isa = PBXBuildFile; fileRef = A2F9FE7B2C8E6BF7004D7FF6 /* Date.swift */; };
		C29FCF662C7DB37E00F8951D /* PuppyCollectionViewCell.swift in Sources */ = {isa = PBXBuildFile; fileRef = C29FCF652C7DB37E00F8951D /* PuppyCollectionViewCell.swift */; };
		C29FCF682C7DBA4F00F8951D /* PuppyRegistrationViewController.swift in Sources */ = {isa = PBXBuildFile; fileRef = C29FCF672C7DBA4F00F8951D /* PuppyRegistrationViewController.swift */; };
		C29FCF772C8171FA00F8951D /* MyInfoEditViewController.swift in Sources */ = {isa = PBXBuildFile; fileRef = C29FCF762C8171FA00F8951D /* MyInfoEditViewController.swift */; };
		C29FCFC12C88566000F8951D /* MyFeedManageViewController.swift in Sources */ = {isa = PBXBuildFile; fileRef = C29FCFC02C88566000F8951D /* MyFeedManageViewController.swift */; };
		C29FCFC32C88610600F8951D /* MyFeedTableViCell.swift in Sources */ = {isa = PBXBuildFile; fileRef = C29FCFC22C88610600F8951D /* MyFeedTableViCell.swift */; };
		C29FCFC92C8DF25300F8951D /* DetailTingViewModel.swift in Sources */ = {isa = PBXBuildFile; fileRef = C29FCFC82C8DF25300F8951D /* DetailTingViewModel.swift */; };
		C29FCFCF2C90176500F8951D /* MyBlockListViewController.swift in Sources */ = {isa = PBXBuildFile; fileRef = C29FCFCE2C90176500F8951D /* MyBlockListViewController.swift */; };
		C29FCFD12C90193D00F8951D /* MyBlockListTableViewCell.swift in Sources */ = {isa = PBXBuildFile; fileRef = C29FCFD02C90193D00F8951D /* MyBlockListTableViewCell.swift */; };
		E70DB3452C7F0CB60073B3F8 /* PostTingViewController.swift in Sources */ = {isa = PBXBuildFile; fileRef = E70DB3442C7F0CB60073B3F8 /* PostTingViewController.swift */; };
		E70DB3472C7F0CD00073B3F8 /* DetailTingViewController.swift in Sources */ = {isa = PBXBuildFile; fileRef = E70DB3462C7F0CD00073B3F8 /* DetailTingViewController.swift */; };
		E70DB3492C7F3F060073B3F8 /* UIViewController.swift in Sources */ = {isa = PBXBuildFile; fileRef = E70DB3482C7F3F060073B3F8 /* UIViewController.swift */; };
		E70DB34D2C8067B50073B3F8 /* SearchAddressViewController.swift in Sources */ = {isa = PBXBuildFile; fileRef = E70DB34C2C8067B50073B3F8 /* SearchAddressViewController.swift */; };
		E70DB34F2C8068190073B3F8 /* SearchedAddressTableViewCell.swift in Sources */ = {isa = PBXBuildFile; fileRef = E70DB34E2C8068190073B3F8 /* SearchedAddressTableViewCell.swift */; };
		E70DB3512C8068460073B3F8 /* SearchedMapViewController.swift in Sources */ = {isa = PBXBuildFile; fileRef = E70DB3502C8068460073B3F8 /* SearchedMapViewController.swift */; };
		E738FB772C7C62EE004696BD /* AppDelegate.swift in Sources */ = {isa = PBXBuildFile; fileRef = E738FB762C7C62EE004696BD /* AppDelegate.swift */; };
		E738FB792C7C62EE004696BD /* SceneDelegate.swift in Sources */ = {isa = PBXBuildFile; fileRef = E738FB782C7C62EE004696BD /* SceneDelegate.swift */; };
		E738FB802C7C62F0004696BD /* Assets.xcassets in Resources */ = {isa = PBXBuildFile; fileRef = E738FB7F2C7C62F0004696BD /* Assets.xcassets */; };
		E738FB832C7C62F0004696BD /* Base in Resources */ = {isa = PBXBuildFile; fileRef = E738FB822C7C62F0004696BD /* Base */; };
		E738FB952C7C64BA004696BD /* UIColor.swift in Sources */ = {isa = PBXBuildFile; fileRef = E738FB942C7C64BA004696BD /* UIColor.swift */; };
		E738FB9A2C7C6532004696BD /* TingViewController.swift in Sources */ = {isa = PBXBuildFile; fileRef = E738FB992C7C6532004696BD /* TingViewController.swift */; };
		E738FB9C2C7C653C004696BD /* ChatViewController.swift in Sources */ = {isa = PBXBuildFile; fileRef = E738FB9B2C7C653C004696BD /* ChatViewController.swift */; };
		E738FB9E2C7C668D004696BD /* MypageViewController.swift in Sources */ = {isa = PBXBuildFile; fileRef = E738FB9D2C7C668D004696BD /* MypageViewController.swift */; };
		E738FBA02C7C669D004696BD /* SampleModel.swift in Sources */ = {isa = PBXBuildFile; fileRef = E738FB9F2C7C669D004696BD /* SampleModel.swift */; };
		E738FBA22C7C66AC004696BD /* TingViewModel.swift in Sources */ = {isa = PBXBuildFile; fileRef = E738FBA12C7C66AC004696BD /* TingViewModel.swift */; };
		E738FBA42C7C66BA004696BD /* ChatViewModel.swift in Sources */ = {isa = PBXBuildFile; fileRef = E738FBA32C7C66BA004696BD /* ChatViewModel.swift */; };
		E738FBA62C7C66C9004696BD /* MyPageViewModel.swift in Sources */ = {isa = PBXBuildFile; fileRef = E738FBA52C7C66C9004696BD /* MyPageViewModel.swift */; };
		E738FBAA2C7C6BB3004696BD /* .gitignore in Resources */ = {isa = PBXBuildFile; fileRef = E738FBA92C7C6BB3004696BD /* .gitignore */; };
		E738FBAD2C7C6D2E004696BD /* TabBarController.swift in Sources */ = {isa = PBXBuildFile; fileRef = E738FBAC2C7C6D2E004696BD /* TabBarController.swift */; };
		E738FBB02C7C7074004696BD /* RxCocoa in Frameworks */ = {isa = PBXBuildFile; productRef = E738FBAF2C7C7074004696BD /* RxCocoa */; };
		E738FBB22C7C7074004696BD /* RxRelay in Frameworks */ = {isa = PBXBuildFile; productRef = E738FBB12C7C7074004696BD /* RxRelay */; };
		E738FBB42C7C7074004696BD /* RxSwift in Frameworks */ = {isa = PBXBuildFile; productRef = E738FBB32C7C7074004696BD /* RxSwift */; };
		E738FBB72C7C7215004696BD /* SnapKit in Frameworks */ = {isa = PBXBuildFile; productRef = E738FBB62C7C7215004696BD /* SnapKit */; };
		E738FBBA2C7C72CB004696BD /* FirebaseAuth in Frameworks */ = {isa = PBXBuildFile; productRef = E738FBB92C7C72CB004696BD /* FirebaseAuth */; };
		E738FBBC2C7C72CB004696BD /* FirebaseDatabase in Frameworks */ = {isa = PBXBuildFile; productRef = E738FBBB2C7C72CB004696BD /* FirebaseDatabase */; };
		E738FBBE2C7C72CB004696BD /* FirebaseFirestore in Frameworks */ = {isa = PBXBuildFile; productRef = E738FBBD2C7C72CB004696BD /* FirebaseFirestore */; };
		E738FBC32C7D8019004696BD /* TingCollectionViewCell.swift in Sources */ = {isa = PBXBuildFile; fileRef = E738FBC22C7D8019004696BD /* TingCollectionViewCell.swift */; };
		E738FBC52C7DB85A004696BD /* TingFeedModel.swift in Sources */ = {isa = PBXBuildFile; fileRef = E738FBC42C7DB85A004696BD /* TingFeedModel.swift */; };
		E7F598322C8475CC00FE8900 /* NetworkManager.swift in Sources */ = {isa = PBXBuildFile; fileRef = E7F598312C8475CC00FE8900 /* NetworkManager.swift */; };
		E7F598342C847A7800FE8900 /* Place.swift in Sources */ = {isa = PBXBuildFile; fileRef = E7F598332C847A7800FE8900 /* Place.swift */; };
		E7F598372C849E1300FE8900 /* KakaoMapsSDK-SPM in Frameworks */ = {isa = PBXBuildFile; productRef = E7F598362C849E1300FE8900 /* KakaoMapsSDK-SPM */; };
		E7F598392C885D5300FE8900 /* KakaoMapViewController.swift in Sources */ = {isa = PBXBuildFile; fileRef = E7F598382C885D5300FE8900 /* KakaoMapViewController.swift */; };
		E7F5983B2C8866CE00FE8900 /* AddressView.swift in Sources */ = {isa = PBXBuildFile; fileRef = E7F5983A2C8866CE00FE8900 /* AddressView.swift */; };
/* End PBXBuildFile section */

/* Begin PBXFileReference section */
		23607BF92C8978E600A23716 /* PostingViewModel.swift */ = {isa = PBXFileReference; lastKnownFileType = sourcecode.swift; path = PostingViewModel.swift; sourceTree = "<group>"; };
		23607C012C8A930100A23716 /* UIButton.swift */ = {isa = PBXFileReference; lastKnownFileType = sourcecode.swift; path = UIButton.swift; sourceTree = "<group>"; };
		5602B05D2C8A82E50060F03B /* ProfileViewController.swift */ = {isa = PBXFileReference; lastKnownFileType = sourcecode.swift; path = ProfileViewController.swift; sourceTree = "<group>"; };
		5602B0682C8AEA340060F03B /* ProfileCell.swift */ = {isa = PBXFileReference; lastKnownFileType = sourcecode.swift; path = ProfileCell.swift; sourceTree = "<group>"; };
		5602B0702C8AF4EF0060F03B /* PuppyHeaderCell.swift */ = {isa = PBXFileReference; lastKnownFileType = sourcecode.swift; path = PuppyHeaderCell.swift; sourceTree = "<group>"; };
		5602B0852C8E0C6F0060F03B /* ProfileViewModel.swift */ = {isa = PBXFileReference; lastKnownFileType = sourcecode.swift; path = ProfileViewModel.swift; sourceTree = "<group>"; };
		5602B0872C8E10D50060F03B /* Config.xcconfig */ = {isa = PBXFileReference; fileEncoding = 4; lastKnownFileType = text.xcconfig; path = Config.xcconfig; sourceTree = "<group>"; };
		56D686C42C7DA88500B00880 /* SignupViewController.swift */ = {isa = PBXFileReference; lastKnownFileType = sourcecode.swift; path = SignupViewController.swift; sourceTree = "<group>"; };
		56D686C72C7DB09600B00880 /* LoginViewController.swift */ = {isa = PBXFileReference; lastKnownFileType = sourcecode.swift; path = LoginViewController.swift; sourceTree = "<group>"; };
		56D686CB2C7DC88600B00880 /* PptLoginViewController.swift */ = {isa = PBXFileReference; lastKnownFileType = sourcecode.swift; path = PptLoginViewController.swift; sourceTree = "<group>"; };
		56FD048E2C80171100EBCDCD /* MyChattingTableViewCell.swift */ = {isa = PBXFileReference; lastKnownFileType = sourcecode.swift; path = MyChattingTableViewCell.swift; sourceTree = "<group>"; };
		56FD04902C80172B00EBCDCD /* ChattingTableViewCell.swift */ = {isa = PBXFileReference; lastKnownFileType = sourcecode.swift; path = ChattingTableViewCell.swift; sourceTree = "<group>"; };
		56FD04922C856C4200EBCDCD /* FindingPasswordViewController.swift */ = {isa = PBXFileReference; lastKnownFileType = sourcecode.swift; path = FindingPasswordViewController.swift; sourceTree = "<group>"; };
		56FD04942C856C6E00EBCDCD /* ChangePasswordViewController.swift */ = {isa = PBXFileReference; lastKnownFileType = sourcecode.swift; path = ChangePasswordViewController.swift; sourceTree = "<group>"; };
		A2085DC52C7EB37400698923 /* ChatListViewController.swift */ = {isa = PBXFileReference; lastKnownFileType = sourcecode.swift; path = ChatListViewController.swift; sourceTree = "<group>"; };
		A2085DC72C7EB4BA00698923 /* ChatTableViewCell.swift */ = {isa = PBXFileReference; lastKnownFileType = sourcecode.swift; path = ChatTableViewCell.swift; sourceTree = "<group>"; };
		A2085DC92C80395B00698923 /* Member.swift */ = {isa = PBXFileReference; lastKnownFileType = sourcecode.swift; path = Member.swift; sourceTree = "<group>"; };
		A2085DCC2C804C3600698923 /* SignUpViewModel.swift */ = {isa = PBXFileReference; lastKnownFileType = sourcecode.swift; path = SignUpViewModel.swift; sourceTree = "<group>"; };
		A2085DCE2C804C7300698923 /* FirebaseAuthManager.swift */ = {isa = PBXFileReference; lastKnownFileType = sourcecode.swift; path = FirebaseAuthManager.swift; sourceTree = "<group>"; };
		A2085DD02C8059F400698923 /* FireStoreDatabaseManager.swift */ = {isa = PBXFileReference; lastKnownFileType = sourcecode.swift; path = FireStoreDatabaseManager.swift; sourceTree = "<group>"; };
		A2085DD32C80622B00698923 /* PptLoginViewModel.swift */ = {isa = PBXFileReference; lastKnownFileType = sourcecode.swift; path = PptLoginViewModel.swift; sourceTree = "<group>"; };
		A2085DD52C806A4D00698923 /* LoginViewModel.swift */ = {isa = PBXFileReference; lastKnownFileType = sourcecode.swift; path = LoginViewModel.swift; sourceTree = "<group>"; };
		A2F9FE1C2C859E54004D7FF6 /* FindingPasswordViewModel.swift */ = {isa = PBXFileReference; lastKnownFileType = sourcecode.swift; path = FindingPasswordViewModel.swift; sourceTree = "<group>"; };
		A2F9FE4C2C896EE0004D7FF6 /* AppController.swift */ = {isa = PBXFileReference; lastKnownFileType = sourcecode.swift; path = AppController.swift; sourceTree = "<group>"; };
		A2F9FE502C89D561004D7FF6 /* ChatModel.swift */ = {isa = PBXFileReference; lastKnownFileType = sourcecode.swift; path = ChatModel.swift; sourceTree = "<group>"; };
		A2F9FE522C89D9CE004D7FF6 /* FirebaseRealtimeDatabaseManager.swift */ = {isa = PBXFileReference; lastKnownFileType = sourcecode.swift; path = FirebaseRealtimeDatabaseManager.swift; sourceTree = "<group>"; };
		A2F9FE542C89E082004D7FF6 /* ChatRoomViewModel.swift */ = {isa = PBXFileReference; lastKnownFileType = sourcecode.swift; path = ChatRoomViewModel.swift; sourceTree = "<group>"; };
		A2F9FE582C8C2193004D7FF6 /* MyInfoEditVIewModel.swift */ = {isa = PBXFileReference; lastKnownFileType = sourcecode.swift; path = MyInfoEditVIewModel.swift; sourceTree = "<group>"; };
		A2F9FE5A2C8C4D8C004D7FF6 /* GoogleService-Info.plist */ = {isa = PBXFileReference; fileEncoding = 4; lastKnownFileType = text.plist.xml; path = "GoogleService-Info.plist"; sourceTree = "<group>"; };
		A2F9FE5F2C8C4DC8004D7FF6 /* FirebaseStorageManager.swift */ = {isa = PBXFileReference; lastKnownFileType = sourcecode.swift; path = FirebaseStorageManager.swift; sourceTree = "<group>"; };
		A2F9FE6B2C8DAF18004D7FF6 /* Pet.swift */ = {isa = PBXFileReference; lastKnownFileType = sourcecode.swift; path = Pet.swift; sourceTree = "<group>"; };
		A2F9FE6D2C8DAFD8004D7FF6 /* PuppyRegistrationViewModel.swift */ = {isa = PBXFileReference; lastKnownFileType = sourcecode.swift; path = PuppyRegistrationViewModel.swift; sourceTree = "<group>"; };
		A2F9FE762C8DF3CB004D7FF6 /* Config.xcconfig */ = {isa = PBXFileReference; fileEncoding = 4; lastKnownFileType = text.xcconfig; path = Config.xcconfig; sourceTree = "<group>"; };
		A2F9FE792C8E6BBB004D7FF6 /* ChatDateTableViewCell.swift */ = {isa = PBXFileReference; lastKnownFileType = sourcecode.swift; path = ChatDateTableViewCell.swift; sourceTree = "<group>"; };
		A2F9FE7B2C8E6BF7004D7FF6 /* Date.swift */ = {isa = PBXFileReference; lastKnownFileType = sourcecode.swift; path = Date.swift; sourceTree = "<group>"; };
		C29FCF652C7DB37E00F8951D /* PuppyCollectionViewCell.swift */ = {isa = PBXFileReference; lastKnownFileType = sourcecode.swift; path = PuppyCollectionViewCell.swift; sourceTree = "<group>"; };
		C29FCF672C7DBA4F00F8951D /* PuppyRegistrationViewController.swift */ = {isa = PBXFileReference; lastKnownFileType = sourcecode.swift; path = PuppyRegistrationViewController.swift; sourceTree = "<group>"; };
		C29FCF762C8171FA00F8951D /* MyInfoEditViewController.swift */ = {isa = PBXFileReference; lastKnownFileType = sourcecode.swift; path = MyInfoEditViewController.swift; sourceTree = "<group>"; };
		C29FCFC02C88566000F8951D /* MyFeedManageViewController.swift */ = {isa = PBXFileReference; lastKnownFileType = sourcecode.swift; path = MyFeedManageViewController.swift; sourceTree = "<group>"; };
		C29FCFC22C88610600F8951D /* MyFeedTableViCell.swift */ = {isa = PBXFileReference; lastKnownFileType = sourcecode.swift; path = MyFeedTableViCell.swift; sourceTree = "<group>"; };
		C29FCFC82C8DF25300F8951D /* DetailTingViewModel.swift */ = {isa = PBXFileReference; lastKnownFileType = sourcecode.swift; path = DetailTingViewModel.swift; sourceTree = "<group>"; };
		C29FCFCE2C90176500F8951D /* MyBlockListViewController.swift */ = {isa = PBXFileReference; lastKnownFileType = sourcecode.swift; path = MyBlockListViewController.swift; sourceTree = "<group>"; };
		C29FCFD02C90193D00F8951D /* MyBlockListTableViewCell.swift */ = {isa = PBXFileReference; lastKnownFileType = sourcecode.swift; path = MyBlockListTableViewCell.swift; sourceTree = "<group>"; };
		E70DB3442C7F0CB60073B3F8 /* PostTingViewController.swift */ = {isa = PBXFileReference; lastKnownFileType = sourcecode.swift; path = PostTingViewController.swift; sourceTree = "<group>"; };
		E70DB3462C7F0CD00073B3F8 /* DetailTingViewController.swift */ = {isa = PBXFileReference; lastKnownFileType = sourcecode.swift; path = DetailTingViewController.swift; sourceTree = "<group>"; };
		E70DB3482C7F3F060073B3F8 /* UIViewController.swift */ = {isa = PBXFileReference; lastKnownFileType = sourcecode.swift; path = UIViewController.swift; sourceTree = "<group>"; };
		E70DB34C2C8067B50073B3F8 /* SearchAddressViewController.swift */ = {isa = PBXFileReference; lastKnownFileType = sourcecode.swift; path = SearchAddressViewController.swift; sourceTree = "<group>"; };
		E70DB34E2C8068190073B3F8 /* SearchedAddressTableViewCell.swift */ = {isa = PBXFileReference; lastKnownFileType = sourcecode.swift; path = SearchedAddressTableViewCell.swift; sourceTree = "<group>"; };
		E70DB3502C8068460073B3F8 /* SearchedMapViewController.swift */ = {isa = PBXFileReference; lastKnownFileType = sourcecode.swift; path = SearchedMapViewController.swift; sourceTree = "<group>"; };
		E738FB732C7C62EE004696BD /* PuppyTing.app */ = {isa = PBXFileReference; explicitFileType = wrapper.application; includeInIndex = 0; path = PuppyTing.app; sourceTree = BUILT_PRODUCTS_DIR; };
		E738FB762C7C62EE004696BD /* AppDelegate.swift */ = {isa = PBXFileReference; lastKnownFileType = sourcecode.swift; path = AppDelegate.swift; sourceTree = "<group>"; };
		E738FB782C7C62EE004696BD /* SceneDelegate.swift */ = {isa = PBXFileReference; lastKnownFileType = sourcecode.swift; path = SceneDelegate.swift; sourceTree = "<group>"; };
		E738FB7F2C7C62F0004696BD /* Assets.xcassets */ = {isa = PBXFileReference; lastKnownFileType = folder.assetcatalog; path = Assets.xcassets; sourceTree = "<group>"; };
		E738FB822C7C62F0004696BD /* Base */ = {isa = PBXFileReference; lastKnownFileType = file.storyboard; name = Base; path = Base.lproj/LaunchScreen.storyboard; sourceTree = "<group>"; };
		E738FB842C7C62F0004696BD /* Info.plist */ = {isa = PBXFileReference; lastKnownFileType = text.plist.xml; path = Info.plist; sourceTree = "<group>"; };
		E738FB8A2C7C637D004696BD /* README.md */ = {isa = PBXFileReference; lastKnownFileType = net.daringfireball.markdown; path = README.md; sourceTree = "<group>"; };
		E738FB942C7C64BA004696BD /* UIColor.swift */ = {isa = PBXFileReference; lastKnownFileType = sourcecode.swift; path = UIColor.swift; sourceTree = "<group>"; };
		E738FB992C7C6532004696BD /* TingViewController.swift */ = {isa = PBXFileReference; lastKnownFileType = sourcecode.swift; path = TingViewController.swift; sourceTree = "<group>"; };
		E738FB9B2C7C653C004696BD /* ChatViewController.swift */ = {isa = PBXFileReference; lastKnownFileType = sourcecode.swift; path = ChatViewController.swift; sourceTree = "<group>"; };
		E738FB9D2C7C668D004696BD /* MypageViewController.swift */ = {isa = PBXFileReference; lastKnownFileType = sourcecode.swift; path = MypageViewController.swift; sourceTree = "<group>"; };
		E738FB9F2C7C669D004696BD /* SampleModel.swift */ = {isa = PBXFileReference; lastKnownFileType = sourcecode.swift; path = SampleModel.swift; sourceTree = "<group>"; };
		E738FBA12C7C66AC004696BD /* TingViewModel.swift */ = {isa = PBXFileReference; lastKnownFileType = sourcecode.swift; path = TingViewModel.swift; sourceTree = "<group>"; };
		E738FBA32C7C66BA004696BD /* ChatViewModel.swift */ = {isa = PBXFileReference; lastKnownFileType = sourcecode.swift; path = ChatViewModel.swift; sourceTree = "<group>"; };
		E738FBA52C7C66C9004696BD /* MyPageViewModel.swift */ = {isa = PBXFileReference; lastKnownFileType = sourcecode.swift; path = MyPageViewModel.swift; sourceTree = "<group>"; };
		E738FBA92C7C6BB3004696BD /* .gitignore */ = {isa = PBXFileReference; lastKnownFileType = text; path = .gitignore; sourceTree = "<group>"; };
		E738FBAC2C7C6D2E004696BD /* TabBarController.swift */ = {isa = PBXFileReference; lastKnownFileType = sourcecode.swift; path = TabBarController.swift; sourceTree = "<group>"; };
		E738FBC22C7D8019004696BD /* TingCollectionViewCell.swift */ = {isa = PBXFileReference; lastKnownFileType = sourcecode.swift; path = TingCollectionViewCell.swift; sourceTree = "<group>"; };
		E738FBC42C7DB85A004696BD /* TingFeedModel.swift */ = {isa = PBXFileReference; lastKnownFileType = sourcecode.swift; path = TingFeedModel.swift; sourceTree = "<group>"; };
		E7F598312C8475CC00FE8900 /* NetworkManager.swift */ = {isa = PBXFileReference; lastKnownFileType = sourcecode.swift; path = NetworkManager.swift; sourceTree = "<group>"; };
		E7F598332C847A7800FE8900 /* Place.swift */ = {isa = PBXFileReference; lastKnownFileType = sourcecode.swift; path = Place.swift; sourceTree = "<group>"; };
		E7F598382C885D5300FE8900 /* KakaoMapViewController.swift */ = {isa = PBXFileReference; lastKnownFileType = sourcecode.swift; path = KakaoMapViewController.swift; sourceTree = "<group>"; };
		E7F5983A2C8866CE00FE8900 /* AddressView.swift */ = {isa = PBXFileReference; lastKnownFileType = sourcecode.swift; path = AddressView.swift; sourceTree = "<group>"; };
/* End PBXFileReference section */

/* Begin PBXFrameworksBuildPhase section */
		E738FB702C7C62EE004696BD /* Frameworks */ = {
			isa = PBXFrameworksBuildPhase;
			buildActionMask = 2147483647;
			files = (
				A2085DA52C7D678400698923 /* GoogleSignInSwift in Frameworks */,
				E738FBBC2C7C72CB004696BD /* FirebaseDatabase in Frameworks */,
				A2085DA32C7D678400698923 /* GoogleSignIn in Frameworks */,
				E738FBB42C7C7074004696BD /* RxSwift in Frameworks */,
				E738FBBA2C7C72CB004696BD /* FirebaseAuth in Frameworks */,
				E738FBB72C7C7215004696BD /* SnapKit in Frameworks */,
				E738FBB22C7C7074004696BD /* RxRelay in Frameworks */,
				E7F598372C849E1300FE8900 /* KakaoMapsSDK-SPM in Frameworks */,
				A2F9FE5E2C8C4DAD004D7FF6 /* FirebaseStorage in Frameworks */,
				E738FBB02C7C7074004696BD /* RxCocoa in Frameworks */,
				E738FBBE2C7C72CB004696BD /* FirebaseFirestore in Frameworks */,
			);
			runOnlyForDeploymentPostprocessing = 0;
		};
/* End PBXFrameworksBuildPhase section */

/* Begin PBXGroup section */
		5602B05F2C8A82F10060F03B /* Profile */ = {
			isa = PBXGroup;
			children = (
				5602B05D2C8A82E50060F03B /* ProfileViewController.swift */,
				5602B0682C8AEA340060F03B /* ProfileCell.swift */,
				5602B0702C8AF4EF0060F03B /* PuppyHeaderCell.swift */,
			);
			path = Profile;
			sourceTree = "<group>";
		};
		5602B0842C8E0C590060F03B /* Profile */ = {
			isa = PBXGroup;
			children = (
				5602B0852C8E0C6F0060F03B /* ProfileViewModel.swift */,
			);
			path = Profile;
			sourceTree = "<group>";
		};
		56D686C32C7DA81700B00880 /* Signup */ = {
			isa = PBXGroup;
			children = (
				56D686C42C7DA88500B00880 /* SignupViewController.swift */,
			);
			path = Signup;
			sourceTree = "<group>";
		};
		56D686C62C7DB08500B00880 /* Login */ = {
			isa = PBXGroup;
			children = (
				56D686C72C7DB09600B00880 /* LoginViewController.swift */,
				56D686CB2C7DC88600B00880 /* PptLoginViewController.swift */,
				56FD04922C856C4200EBCDCD /* FindingPasswordViewController.swift */,
				56FD04942C856C6E00EBCDCD /* ChangePasswordViewController.swift */,
			);
			path = Login;
			sourceTree = "<group>";
		};
		A2085DCB2C804C1A00698923 /* SignUp */ = {
			isa = PBXGroup;
			children = (
				A2085DCC2C804C3600698923 /* SignUpViewModel.swift */,
			);
			path = SignUp;
			sourceTree = "<group>";
		};
		A2085DD22C80621700698923 /* Login */ = {
			isa = PBXGroup;
			children = (
				A2085DD32C80622B00698923 /* PptLoginViewModel.swift */,
				A2085DD52C806A4D00698923 /* LoginViewModel.swift */,
				A2F9FE1C2C859E54004D7FF6 /* FindingPasswordViewModel.swift */,
			);
			path = Login;
			sourceTree = "<group>";
		};
		A2F9FE5C2C8C4DAD004D7FF6 /* Frameworks */ = {
			isa = PBXGroup;
			children = (
			);
			name = Frameworks;
			sourceTree = "<group>";
		};
		A2F9FE782C8E1E59004D7FF6 /* Recovered References */ = {
			isa = PBXGroup;
			children = (
			);
			name = "Recovered References";
			sourceTree = "<group>";
		};
		E738FB6A2C7C62EE004696BD = {
			isa = PBXGroup;
			children = (
				E738FBA92C7C6BB3004696BD /* .gitignore */,
				E738FB8A2C7C637D004696BD /* README.md */,
				E738FB752C7C62EE004696BD /* PuppyTing */,
				E738FB742C7C62EE004696BD /* Products */,
				A2F9FE5C2C8C4DAD004D7FF6 /* Frameworks */,
				A2F9FE782C8E1E59004D7FF6 /* Recovered References */,
			);
			sourceTree = "<group>";
		};
		E738FB742C7C62EE004696BD /* Products */ = {
			isa = PBXGroup;
			children = (
				E738FB732C7C62EE004696BD /* PuppyTing.app */,
			);
			name = Products;
			sourceTree = "<group>";
		};
		E738FB752C7C62EE004696BD /* PuppyTing */ = {
			isa = PBXGroup;
			children = (
				E738FB932C7C6496004696BD /* App */,
				E738FB922C7C6490004696BD /* Common */,
				E738FB912C7C6485004696BD /* Model */,
				E738FB902C7C6460004696BD /* View */,
				E738FB8F2C7C6455004696BD /* ViewModel */,
				E738FBA72C7C696C004696BD /* Assets */,
				E738FB812C7C62F0004696BD /* LaunchScreen.storyboard */,
				E738FB842C7C62F0004696BD /* Info.plist */,
				A2F9FE5A2C8C4D8C004D7FF6 /* GoogleService-Info.plist */,
			);
			path = PuppyTing;
			sourceTree = "<group>";
		};
		E738FB8C2C7C6424004696BD /* Ting */ = {
			isa = PBXGroup;
			children = (
				E738FBA12C7C66AC004696BD /* TingViewModel.swift */,
				C29FCFC82C8DF25300F8951D /* DetailTingViewModel.swift */,
				23607BF92C8978E600A23716 /* PostingViewModel.swift */,
			);
			path = Ting;
			sourceTree = "<group>";
		};
		E738FB8D2C7C6437004696BD /* MyPage */ = {
			isa = PBXGroup;
			children = (
				E738FBA52C7C66C9004696BD /* MyPageViewModel.swift */,
				A2F9FE582C8C2193004D7FF6 /* MyInfoEditVIewModel.swift */,
				A2F9FE6D2C8DAFD8004D7FF6 /* PuppyRegistrationViewModel.swift */,
			);
			path = MyPage;
			sourceTree = "<group>";
		};
		E738FB8E2C7C6445004696BD /* Chat */ = {
			isa = PBXGroup;
			children = (
				E738FBA32C7C66BA004696BD /* ChatViewModel.swift */,
				A2F9FE542C89E082004D7FF6 /* ChatRoomViewModel.swift */,
			);
			path = Chat;
			sourceTree = "<group>";
		};
		E738FB8F2C7C6455004696BD /* ViewModel */ = {
			isa = PBXGroup;
			children = (
				A2085DD22C80621700698923 /* Login */,
				A2085DCB2C804C1A00698923 /* SignUp */,
				E738FB8C2C7C6424004696BD /* Ting */,
				E738FB8E2C7C6445004696BD /* Chat */,
				E738FB8D2C7C6437004696BD /* MyPage */,
				5602B0842C8E0C590060F03B /* Profile */,
			);
			path = ViewModel;
			sourceTree = "<group>";
		};
		E738FB902C7C6460004696BD /* View */ = {
			isa = PBXGroup;
			children = (
				56D686C62C7DB08500B00880 /* Login */,
				56D686C32C7DA81700B00880 /* Signup */,
				E738FBAB2C7C6CFB004696BD /* Tabbar */,
				E738FB982C7C651D004696BD /* Ting */,
				E738FB972C7C6518004696BD /* Chat */,
				E738FB962C7C6510004696BD /* Mypage */,
				5602B05F2C8A82F10060F03B /* Profile */,
				A2F9FE4C2C896EE0004D7FF6 /* AppController.swift */,
			);
			path = View;
			sourceTree = "<group>";
		};
		E738FB912C7C6485004696BD /* Model */ = {
			isa = PBXGroup;
			children = (
				E738FBC42C7DB85A004696BD /* TingFeedModel.swift */,
				E738FB9F2C7C669D004696BD /* SampleModel.swift */,
				A2085DC92C80395B00698923 /* Member.swift */,
				E7F598332C847A7800FE8900 /* Place.swift */,
				A2F9FE502C89D561004D7FF6 /* ChatModel.swift */,
				A2F9FE6B2C8DAF18004D7FF6 /* Pet.swift */,
			);
			path = Model;
			sourceTree = "<group>";
		};
		E738FB922C7C6490004696BD /* Common */ = {
			isa = PBXGroup;
			children = (
				E738FB942C7C64BA004696BD /* UIColor.swift */,
				E70DB3482C7F3F060073B3F8 /* UIViewController.swift */,
				23607C012C8A930100A23716 /* UIButton.swift */,
				A2085DCE2C804C7300698923 /* FirebaseAuthManager.swift */,
				A2085DD02C8059F400698923 /* FireStoreDatabaseManager.swift */,
				E7F598312C8475CC00FE8900 /* NetworkManager.swift */,
				E7F598382C885D5300FE8900 /* KakaoMapViewController.swift */,
				A2F9FE522C89D9CE004D7FF6 /* FirebaseRealtimeDatabaseManager.swift */,
				A2F9FE5F2C8C4DC8004D7FF6 /* FirebaseStorageManager.swift */,
				A2F9FE7B2C8E6BF7004D7FF6 /* Date.swift */,
			);
			path = Common;
			sourceTree = "<group>";
		};
		E738FB932C7C6496004696BD /* App */ = {
			isa = PBXGroup;
			children = (
				E738FB762C7C62EE004696BD /* AppDelegate.swift */,
				E738FB782C7C62EE004696BD /* SceneDelegate.swift */,
				5602B0872C8E10D50060F03B /* Config.xcconfig */,
				A2F9FE762C8DF3CB004D7FF6 /* Config.xcconfig */,
			);
			path = App;
			sourceTree = "<group>";
		};
		E738FB962C7C6510004696BD /* Mypage */ = {
			isa = PBXGroup;
			children = (
				E738FB9D2C7C668D004696BD /* MypageViewController.swift */,
				C29FCF652C7DB37E00F8951D /* PuppyCollectionViewCell.swift */,
				C29FCF672C7DBA4F00F8951D /* PuppyRegistrationViewController.swift */,
				C29FCF762C8171FA00F8951D /* MyInfoEditViewController.swift */,
				C29FCFC02C88566000F8951D /* MyFeedManageViewController.swift */,
				C29FCFC22C88610600F8951D /* MyFeedTableViCell.swift */,
				C29FCFCE2C90176500F8951D /* MyBlockListViewController.swift */,
				C29FCFD02C90193D00F8951D /* MyBlockListTableViewCell.swift */,
			);
			path = Mypage;
			sourceTree = "<group>";
		};
		E738FB972C7C6518004696BD /* Chat */ = {
			isa = PBXGroup;
			children = (
				E738FB9B2C7C653C004696BD /* ChatViewController.swift */,
				A2085DC52C7EB37400698923 /* ChatListViewController.swift */,
				A2085DC72C7EB4BA00698923 /* ChatTableViewCell.swift */,
				56FD048E2C80171100EBCDCD /* MyChattingTableViewCell.swift */,
				56FD04902C80172B00EBCDCD /* ChattingTableViewCell.swift */,
				A2F9FE792C8E6BBB004D7FF6 /* ChatDateTableViewCell.swift */,
			);
			path = Chat;
			sourceTree = "<group>";
		};
		E738FB982C7C651D004696BD /* Ting */ = {
			isa = PBXGroup;
			children = (
				E738FB992C7C6532004696BD /* TingViewController.swift */,
				E738FBC22C7D8019004696BD /* TingCollectionViewCell.swift */,
				E70DB3462C7F0CD00073B3F8 /* DetailTingViewController.swift */,
				E70DB3442C7F0CB60073B3F8 /* PostTingViewController.swift */,
				E70DB34C2C8067B50073B3F8 /* SearchAddressViewController.swift */,
				E70DB34E2C8068190073B3F8 /* SearchedAddressTableViewCell.swift */,
				E70DB3502C8068460073B3F8 /* SearchedMapViewController.swift */,
				E7F5983A2C8866CE00FE8900 /* AddressView.swift */,
			);
			path = Ting;
			sourceTree = "<group>";
		};
		E738FBA72C7C696C004696BD /* Assets */ = {
			isa = PBXGroup;
			children = (
				E738FB7F2C7C62F0004696BD /* Assets.xcassets */,
			);
			path = Assets;
			sourceTree = "<group>";
		};
		E738FBAB2C7C6CFB004696BD /* Tabbar */ = {
			isa = PBXGroup;
			children = (
				E738FBAC2C7C6D2E004696BD /* TabBarController.swift */,
			);
			path = Tabbar;
			sourceTree = "<group>";
		};
/* End PBXGroup section */

/* Begin PBXNativeTarget section */
		E738FB722C7C62EE004696BD /* PuppyTing */ = {
			isa = PBXNativeTarget;
			buildConfigurationList = E738FB872C7C62F0004696BD /* Build configuration list for PBXNativeTarget "PuppyTing" */;
			buildPhases = (
				E738FB6F2C7C62EE004696BD /* Sources */,
				E738FB702C7C62EE004696BD /* Frameworks */,
				E738FB712C7C62EE004696BD /* Resources */,
			);
			buildRules = (
			);
			dependencies = (
			);
			name = PuppyTing;
			packageProductDependencies = (
				E738FBAF2C7C7074004696BD /* RxCocoa */,
				E738FBB12C7C7074004696BD /* RxRelay */,
				E738FBB32C7C7074004696BD /* RxSwift */,
				E738FBB62C7C7215004696BD /* SnapKit */,
				E738FBB92C7C72CB004696BD /* FirebaseAuth */,
				E738FBBB2C7C72CB004696BD /* FirebaseDatabase */,
				E738FBBD2C7C72CB004696BD /* FirebaseFirestore */,
				A2085DA22C7D678400698923 /* GoogleSignIn */,
				A2085DA42C7D678400698923 /* GoogleSignInSwift */,
				E7F598362C849E1300FE8900 /* KakaoMapsSDK-SPM */,
				A2F9FE5D2C8C4DAD004D7FF6 /* FirebaseStorage */,
			);
			productName = PuppyTing;
			productReference = E738FB732C7C62EE004696BD /* PuppyTing.app */;
			productType = "com.apple.product-type.application";
		};
/* End PBXNativeTarget section */

/* Begin PBXProject section */
		E738FB6B2C7C62EE004696BD /* Project object */ = {
			isa = PBXProject;
			attributes = {
				BuildIndependentTargetsInParallel = 1;
				LastSwiftUpdateCheck = 1540;
				LastUpgradeCheck = 1540;
				TargetAttributes = {
					E738FB722C7C62EE004696BD = {
						CreatedOnToolsVersion = 15.4;
					};
				};
			};
			buildConfigurationList = E738FB6E2C7C62EE004696BD /* Build configuration list for PBXProject "PuppyTing" */;
			compatibilityVersion = "Xcode 14.0";
			developmentRegion = en;
			hasScannedForEncodings = 0;
			knownRegions = (
				en,
				Base,
			);
			mainGroup = E738FB6A2C7C62EE004696BD;
			packageReferences = (
				E738FBAE2C7C7074004696BD /* XCRemoteSwiftPackageReference "RxSwift" */,
				E738FBB52C7C7215004696BD /* XCRemoteSwiftPackageReference "SnapKit" */,
				E738FBB82C7C72CB004696BD /* XCRemoteSwiftPackageReference "firebase-ios-sdk" */,
				A2085DA12C7D678400698923 /* XCRemoteSwiftPackageReference "GoogleSignIn-iOS" */,
				E7F598352C849E1300FE8900 /* XCRemoteSwiftPackageReference "KakaoMapsSDK-SPM" */,
			);
			productRefGroup = E738FB742C7C62EE004696BD /* Products */;
			projectDirPath = "";
			projectRoot = "";
			targets = (
				E738FB722C7C62EE004696BD /* PuppyTing */,
			);
		};
/* End PBXProject section */

/* Begin PBXResourcesBuildPhase section */
		E738FB712C7C62EE004696BD /* Resources */ = {
			isa = PBXResourcesBuildPhase;
			buildActionMask = 2147483647;
			files = (
				E738FB802C7C62F0004696BD /* Assets.xcassets in Resources */,
				5602B0882C8E10D50060F03B /* Config.xcconfig in Resources */,
				A2F9FE772C8DF3CB004D7FF6 /* Config.xcconfig in Resources */,
				E738FBAA2C7C6BB3004696BD /* .gitignore in Resources */,
				A2F9FE5B2C8C4D8C004D7FF6 /* GoogleService-Info.plist in Resources */,
				E738FB832C7C62F0004696BD /* Base in Resources */,
			);
			runOnlyForDeploymentPostprocessing = 0;
		};
/* End PBXResourcesBuildPhase section */

/* Begin PBXSourcesBuildPhase section */
		E738FB6F2C7C62EE004696BD /* Sources */ = {
			isa = PBXSourcesBuildPhase;
			buildActionMask = 2147483647;
			files = (
				C29FCFC12C88566000F8951D /* MyFeedManageViewController.swift in Sources */,
				56FD04952C856C6E00EBCDCD /* ChangePasswordViewController.swift in Sources */,
				E738FBC32C7D8019004696BD /* TingCollectionViewCell.swift in Sources */,
				A2F9FE512C89D561004D7FF6 /* ChatModel.swift in Sources */,
				A2F9FE6E2C8DAFD8004D7FF6 /* PuppyRegistrationViewModel.swift in Sources */,
				A2F9FE532C89D9CE004D7FF6 /* FirebaseRealtimeDatabaseManager.swift in Sources */,
				E70DB3512C8068460073B3F8 /* SearchedMapViewController.swift in Sources */,
				E70DB34F2C8068190073B3F8 /* SearchedAddressTableViewCell.swift in Sources */,
				A2085DD42C80622B00698923 /* PptLoginViewModel.swift in Sources */,
				56D686C82C7DB09600B00880 /* LoginViewController.swift in Sources */,
				C29FCFC32C88610600F8951D /* MyFeedTableViCell.swift in Sources */,
				5602B05E2C8A82E50060F03B /* ProfileViewController.swift in Sources */,
				E738FB9A2C7C6532004696BD /* TingViewController.swift in Sources */,
				A2F9FE602C8C4DC8004D7FF6 /* FirebaseStorageManager.swift in Sources */,
				56FD048F2C80171100EBCDCD /* MyChattingTableViewCell.swift in Sources */,
				23607BFA2C8978E600A23716 /* PostingViewModel.swift in Sources */,
				5602B0712C8AF4EF0060F03B /* PuppyHeaderCell.swift in Sources */,
				C29FCF662C7DB37E00F8951D /* PuppyCollectionViewCell.swift in Sources */,
				E7F5983B2C8866CE00FE8900 /* AddressView.swift in Sources */,
				A2085DD12C8059F400698923 /* FireStoreDatabaseManager.swift in Sources */,
				E738FB772C7C62EE004696BD /* AppDelegate.swift in Sources */,
				E738FBC52C7DB85A004696BD /* TingFeedModel.swift in Sources */,
				A2F9FE6C2C8DAF18004D7FF6 /* Pet.swift in Sources */,
				A2F9FE592C8C2193004D7FF6 /* MyInfoEditVIewModel.swift in Sources */,
				23607C022C8A930100A23716 /* UIButton.swift in Sources */,
				A2085DC82C7EB4BA00698923 /* ChatTableViewCell.swift in Sources */,
				E738FBAD2C7C6D2E004696BD /* TabBarController.swift in Sources */,
				E7F598322C8475CC00FE8900 /* NetworkManager.swift in Sources */,
				A2085DC62C7EB37400698923 /* ChatListViewController.swift in Sources */,
				E7F598342C847A7800FE8900 /* Place.swift in Sources */,
				C29FCF682C7DBA4F00F8951D /* PuppyRegistrationViewController.swift in Sources */,
				A2F9FE7C2C8E6BF7004D7FF6 /* Date.swift in Sources */,
				C29FCFD12C90193D00F8951D /* MyBlockListTableViewCell.swift in Sources */,
				E738FB952C7C64BA004696BD /* UIColor.swift in Sources */,
				C29FCF772C8171FA00F8951D /* MyInfoEditViewController.swift in Sources */,
				E738FB9E2C7C668D004696BD /* MypageViewController.swift in Sources */,
				A2F9FE552C89E082004D7FF6 /* ChatRoomViewModel.swift in Sources */,
				A2085DCD2C804C3600698923 /* SignUpViewModel.swift in Sources */,
				E738FBA22C7C66AC004696BD /* TingViewModel.swift in Sources */,
				C29FCFCF2C90176500F8951D /* MyBlockListViewController.swift in Sources */,
				56D686C52C7DA88500B00880 /* SignupViewController.swift in Sources */,
				E738FB9C2C7C653C004696BD /* ChatViewController.swift in Sources */,
				A2085DCA2C80395B00698923 /* Member.swift in Sources */,
				E738FBA02C7C669D004696BD /* SampleModel.swift in Sources */,
				5602B0862C8E0C6F0060F03B /* ProfileViewModel.swift in Sources */,
				A2F9FE1D2C859E54004D7FF6 /* FindingPasswordViewModel.swift in Sources */,
				56FD04932C856C4200EBCDCD /* FindingPasswordViewController.swift in Sources */,
				E738FBA62C7C66C9004696BD /* MyPageViewModel.swift in Sources */,
				56FD04912C80172B00EBCDCD /* ChattingTableViewCell.swift in Sources */,
				A2085DD62C806A4D00698923 /* LoginViewModel.swift in Sources */,
				E70DB3492C7F3F060073B3F8 /* UIViewController.swift in Sources */,
				E738FBA42C7C66BA004696BD /* ChatViewModel.swift in Sources */,
				A2F9FE7A2C8E6BBB004D7FF6 /* ChatDateTableViewCell.swift in Sources */,
				E70DB3472C7F0CD00073B3F8 /* DetailTingViewController.swift in Sources */,
				E70DB3452C7F0CB60073B3F8 /* PostTingViewController.swift in Sources */,
				E7F598392C885D5300FE8900 /* KakaoMapViewController.swift in Sources */,
				56D686CC2C7DC88700B00880 /* PptLoginViewController.swift in Sources */,
				A2F9FE4D2C896EE0004D7FF6 /* AppController.swift in Sources */,
				E738FB792C7C62EE004696BD /* SceneDelegate.swift in Sources */,
				5602B0692C8AEA340060F03B /* ProfileCell.swift in Sources */,
				C29FCFC92C8DF25300F8951D /* DetailTingViewModel.swift in Sources */,
				E70DB34D2C8067B50073B3F8 /* SearchAddressViewController.swift in Sources */,
				A2085DCF2C804C7300698923 /* FirebaseAuthManager.swift in Sources */,
			);
			runOnlyForDeploymentPostprocessing = 0;
		};
/* End PBXSourcesBuildPhase section */

/* Begin PBXVariantGroup section */
		E738FB812C7C62F0004696BD /* LaunchScreen.storyboard */ = {
			isa = PBXVariantGroup;
			children = (
				E738FB822C7C62F0004696BD /* Base */,
			);
			name = LaunchScreen.storyboard;
			sourceTree = "<group>";
		};
/* End PBXVariantGroup section */

/* Begin XCBuildConfiguration section */
		E738FB852C7C62F0004696BD /* Debug */ = {
			isa = XCBuildConfiguration;
			baseConfigurationReference = A2F9FE762C8DF3CB004D7FF6 /* Config.xcconfig */;
			buildSettings = {
				ALWAYS_SEARCH_USER_PATHS = NO;
				ASSETCATALOG_COMPILER_GENERATE_SWIFT_ASSET_SYMBOL_EXTENSIONS = YES;
				CLANG_ANALYZER_NONNULL = YES;
				CLANG_ANALYZER_NUMBER_OBJECT_CONVERSION = YES_AGGRESSIVE;
				CLANG_CXX_LANGUAGE_STANDARD = "gnu++20";
				CLANG_ENABLE_MODULES = YES;
				CLANG_ENABLE_OBJC_ARC = YES;
				CLANG_ENABLE_OBJC_WEAK = YES;
				CLANG_WARN_BLOCK_CAPTURE_AUTORELEASING = YES;
				CLANG_WARN_BOOL_CONVERSION = YES;
				CLANG_WARN_COMMA = YES;
				CLANG_WARN_CONSTANT_CONVERSION = YES;
				CLANG_WARN_DEPRECATED_OBJC_IMPLEMENTATIONS = YES;
				CLANG_WARN_DIRECT_OBJC_ISA_USAGE = YES_ERROR;
				CLANG_WARN_DOCUMENTATION_COMMENTS = YES;
				CLANG_WARN_EMPTY_BODY = YES;
				CLANG_WARN_ENUM_CONVERSION = YES;
				CLANG_WARN_INFINITE_RECURSION = YES;
				CLANG_WARN_INT_CONVERSION = YES;
				CLANG_WARN_NON_LITERAL_NULL_CONVERSION = YES;
				CLANG_WARN_OBJC_IMPLICIT_RETAIN_SELF = YES;
				CLANG_WARN_OBJC_LITERAL_CONVERSION = YES;
				CLANG_WARN_OBJC_ROOT_CLASS = YES_ERROR;
				CLANG_WARN_QUOTED_INCLUDE_IN_FRAMEWORK_HEADER = YES;
				CLANG_WARN_RANGE_LOOP_ANALYSIS = YES;
				CLANG_WARN_STRICT_PROTOTYPES = YES;
				CLANG_WARN_SUSPICIOUS_MOVE = YES;
				CLANG_WARN_UNGUARDED_AVAILABILITY = YES_AGGRESSIVE;
				CLANG_WARN_UNREACHABLE_CODE = YES;
				CLANG_WARN__DUPLICATE_METHOD_MATCH = YES;
				COPY_PHASE_STRIP = NO;
				DEBUG_INFORMATION_FORMAT = dwarf;
				ENABLE_STRICT_OBJC_MSGSEND = YES;
				ENABLE_TESTABILITY = YES;
				ENABLE_USER_SCRIPT_SANDBOXING = YES;
				GCC_C_LANGUAGE_STANDARD = gnu17;
				GCC_DYNAMIC_NO_PIC = NO;
				GCC_NO_COMMON_BLOCKS = YES;
				GCC_OPTIMIZATION_LEVEL = 0;
				GCC_PREPROCESSOR_DEFINITIONS = (
					"DEBUG=1",
					"$(inherited)",
				);
				GCC_WARN_64_TO_32_BIT_CONVERSION = YES;
				GCC_WARN_ABOUT_RETURN_TYPE = YES_ERROR;
				GCC_WARN_UNDECLARED_SELECTOR = YES;
				GCC_WARN_UNINITIALIZED_AUTOS = YES_AGGRESSIVE;
				GCC_WARN_UNUSED_FUNCTION = YES;
				GCC_WARN_UNUSED_VARIABLE = YES;
				IPHONEOS_DEPLOYMENT_TARGET = 17.5;
				LOCALIZATION_PREFERS_STRING_CATALOGS = YES;
				MTL_ENABLE_DEBUG_INFO = INCLUDE_SOURCE;
				MTL_FAST_MATH = YES;
				ONLY_ACTIVE_ARCH = YES;
				SDKROOT = iphoneos;
				SWIFT_ACTIVE_COMPILATION_CONDITIONS = "DEBUG $(inherited)";
				SWIFT_OPTIMIZATION_LEVEL = "-Onone";
			};
			name = Debug;
		};
		E738FB862C7C62F0004696BD /* Release */ = {
			isa = XCBuildConfiguration;
			baseConfigurationReference = A2F9FE762C8DF3CB004D7FF6 /* Config.xcconfig */;
			buildSettings = {
				ALWAYS_SEARCH_USER_PATHS = NO;
				ASSETCATALOG_COMPILER_GENERATE_SWIFT_ASSET_SYMBOL_EXTENSIONS = YES;
				CLANG_ANALYZER_NONNULL = YES;
				CLANG_ANALYZER_NUMBER_OBJECT_CONVERSION = YES_AGGRESSIVE;
				CLANG_CXX_LANGUAGE_STANDARD = "gnu++20";
				CLANG_ENABLE_MODULES = YES;
				CLANG_ENABLE_OBJC_ARC = YES;
				CLANG_ENABLE_OBJC_WEAK = YES;
				CLANG_WARN_BLOCK_CAPTURE_AUTORELEASING = YES;
				CLANG_WARN_BOOL_CONVERSION = YES;
				CLANG_WARN_COMMA = YES;
				CLANG_WARN_CONSTANT_CONVERSION = YES;
				CLANG_WARN_DEPRECATED_OBJC_IMPLEMENTATIONS = YES;
				CLANG_WARN_DIRECT_OBJC_ISA_USAGE = YES_ERROR;
				CLANG_WARN_DOCUMENTATION_COMMENTS = YES;
				CLANG_WARN_EMPTY_BODY = YES;
				CLANG_WARN_ENUM_CONVERSION = YES;
				CLANG_WARN_INFINITE_RECURSION = YES;
				CLANG_WARN_INT_CONVERSION = YES;
				CLANG_WARN_NON_LITERAL_NULL_CONVERSION = YES;
				CLANG_WARN_OBJC_IMPLICIT_RETAIN_SELF = YES;
				CLANG_WARN_OBJC_LITERAL_CONVERSION = YES;
				CLANG_WARN_OBJC_ROOT_CLASS = YES_ERROR;
				CLANG_WARN_QUOTED_INCLUDE_IN_FRAMEWORK_HEADER = YES;
				CLANG_WARN_RANGE_LOOP_ANALYSIS = YES;
				CLANG_WARN_STRICT_PROTOTYPES = YES;
				CLANG_WARN_SUSPICIOUS_MOVE = YES;
				CLANG_WARN_UNGUARDED_AVAILABILITY = YES_AGGRESSIVE;
				CLANG_WARN_UNREACHABLE_CODE = YES;
				CLANG_WARN__DUPLICATE_METHOD_MATCH = YES;
				COPY_PHASE_STRIP = NO;
				DEBUG_INFORMATION_FORMAT = "dwarf-with-dsym";
				ENABLE_NS_ASSERTIONS = NO;
				ENABLE_STRICT_OBJC_MSGSEND = YES;
				ENABLE_USER_SCRIPT_SANDBOXING = YES;
				GCC_C_LANGUAGE_STANDARD = gnu17;
				GCC_NO_COMMON_BLOCKS = YES;
				GCC_WARN_64_TO_32_BIT_CONVERSION = YES;
				GCC_WARN_ABOUT_RETURN_TYPE = YES_ERROR;
				GCC_WARN_UNDECLARED_SELECTOR = YES;
				GCC_WARN_UNINITIALIZED_AUTOS = YES_AGGRESSIVE;
				GCC_WARN_UNUSED_FUNCTION = YES;
				GCC_WARN_UNUSED_VARIABLE = YES;
				IPHONEOS_DEPLOYMENT_TARGET = 17.5;
				LOCALIZATION_PREFERS_STRING_CATALOGS = YES;
				MTL_ENABLE_DEBUG_INFO = NO;
				MTL_FAST_MATH = YES;
				SDKROOT = iphoneos;
				SWIFT_COMPILATION_MODE = wholemodule;
				VALIDATE_PRODUCT = YES;
			};
			name = Release;
		};
		E738FB882C7C62F0004696BD /* Debug */ = {
			isa = XCBuildConfiguration;
			buildSettings = {
				ASSETCATALOG_COMPILER_APPICON_NAME = AppIcon;
				ASSETCATALOG_COMPILER_GLOBAL_ACCENT_COLOR_NAME = AccentColor;
				CODE_SIGN_IDENTITY = "Apple Development";
				CODE_SIGN_STYLE = Automatic;
				CURRENT_PROJECT_VERSION = 1;
				DEVELOPMENT_TEAM = SS444RV4LU;
				GENERATE_INFOPLIST_FILE = YES;
				INFOPLIST_FILE = PuppyTing/Info.plist;
				INFOPLIST_KEY_NSLocationWhenInUseUsageDescription = "현재 위치를 기반으로 근처 만남의 장소를 검색하기 위해 위치 정보가 필요합니다.";
				INFOPLIST_KEY_UIApplicationSupportsIndirectInputEvents = YES;
				INFOPLIST_KEY_UILaunchStoryboardName = LaunchScreen;
				INFOPLIST_KEY_UISupportedInterfaceOrientations_iPad = "UIInterfaceOrientationPortrait UIInterfaceOrientationPortraitUpsideDown UIInterfaceOrientationLandscapeLeft UIInterfaceOrientationLandscapeRight";
				INFOPLIST_KEY_UISupportedInterfaceOrientations_iPhone = "UIInterfaceOrientationPortrait UIInterfaceOrientationLandscapeLeft UIInterfaceOrientationLandscapeRight";
				INFOPLIST_KEY_UIUserInterfaceStyle = Light;
				IPHONEOS_DEPLOYMENT_TARGET = 15.0;
				LD_RUNPATH_SEARCH_PATHS = (
					"$(inherited)",
					"@executable_path/Frameworks",
				);
				MARKETING_VERSION = 1.0;
				PRODUCT_BUNDLE_IDENTIFIER = com.sh.PuppyTing;
				PRODUCT_NAME = "$(TARGET_NAME)";
				PROVISIONING_PROFILE_SPECIFIER = "";
				SWIFT_EMIT_LOC_STRINGS = YES;
				SWIFT_VERSION = 5.0;
				TARGETED_DEVICE_FAMILY = "1,2";
			};
			name = Debug;
		};
		E738FB892C7C62F0004696BD /* Release */ = {
			isa = XCBuildConfiguration;
			buildSettings = {
				ASSETCATALOG_COMPILER_APPICON_NAME = AppIcon;
				ASSETCATALOG_COMPILER_GLOBAL_ACCENT_COLOR_NAME = AccentColor;
				CODE_SIGN_IDENTITY = "Apple Development";
				CODE_SIGN_STYLE = Automatic;
				CURRENT_PROJECT_VERSION = 1;
				DEVELOPMENT_TEAM = SS444RV4LU;
				GENERATE_INFOPLIST_FILE = YES;
				INFOPLIST_FILE = PuppyTing/Info.plist;
				INFOPLIST_KEY_NSLocationWhenInUseUsageDescription = "현재 위치를 기반으로 근처 만남의 장소를 검색하기 위해 위치 정보가 필요합니다.";
				INFOPLIST_KEY_UIApplicationSupportsIndirectInputEvents = YES;
				INFOPLIST_KEY_UILaunchStoryboardName = LaunchScreen;
				INFOPLIST_KEY_UISupportedInterfaceOrientations_iPad = "UIInterfaceOrientationPortrait UIInterfaceOrientationPortraitUpsideDown UIInterfaceOrientationLandscapeLeft UIInterfaceOrientationLandscapeRight";
				INFOPLIST_KEY_UISupportedInterfaceOrientations_iPhone = "UIInterfaceOrientationPortrait UIInterfaceOrientationLandscapeLeft UIInterfaceOrientationLandscapeRight";
				INFOPLIST_KEY_UIUserInterfaceStyle = Light;
				IPHONEOS_DEPLOYMENT_TARGET = 15.0;
				LD_RUNPATH_SEARCH_PATHS = (
					"$(inherited)",
					"@executable_path/Frameworks",
				);
				MARKETING_VERSION = 1.0;
				PRODUCT_BUNDLE_IDENTIFIER = com.sh.PuppyTing;
				PRODUCT_NAME = "$(TARGET_NAME)";
				PROVISIONING_PROFILE_SPECIFIER = "";
				SWIFT_EMIT_LOC_STRINGS = YES;
				SWIFT_VERSION = 5.0;
				TARGETED_DEVICE_FAMILY = "1,2";
			};
			name = Release;
		};
/* End XCBuildConfiguration section */

/* Begin XCConfigurationList section */
		E738FB6E2C7C62EE004696BD /* Build configuration list for PBXProject "PuppyTing" */ = {
			isa = XCConfigurationList;
			buildConfigurations = (
				E738FB852C7C62F0004696BD /* Debug */,
				E738FB862C7C62F0004696BD /* Release */,
			);
			defaultConfigurationIsVisible = 0;
			defaultConfigurationName = Release;
		};
		E738FB872C7C62F0004696BD /* Build configuration list for PBXNativeTarget "PuppyTing" */ = {
			isa = XCConfigurationList;
			buildConfigurations = (
				E738FB882C7C62F0004696BD /* Debug */,
				E738FB892C7C62F0004696BD /* Release */,
			);
			defaultConfigurationIsVisible = 0;
			defaultConfigurationName = Release;
		};
/* End XCConfigurationList section */

/* Begin XCRemoteSwiftPackageReference section */
		A2085DA12C7D678400698923 /* XCRemoteSwiftPackageReference "GoogleSignIn-iOS" */ = {
			isa = XCRemoteSwiftPackageReference;
			repositoryURL = "https://github.com/google/GoogleSignIn-iOS";
			requirement = {
				kind = upToNextMajorVersion;
				minimumVersion = 8.0.0;
			};
		};
		E738FBAE2C7C7074004696BD /* XCRemoteSwiftPackageReference "RxSwift" */ = {
			isa = XCRemoteSwiftPackageReference;
			repositoryURL = "https://github.com/ReactiveX/RxSwift";
			requirement = {
				kind = upToNextMajorVersion;
				minimumVersion = 6.7.1;
			};
		};
		E738FBB52C7C7215004696BD /* XCRemoteSwiftPackageReference "SnapKit" */ = {
			isa = XCRemoteSwiftPackageReference;
			repositoryURL = "https://github.com/SnapKit/SnapKit";
			requirement = {
				kind = upToNextMajorVersion;
				minimumVersion = 5.7.1;
			};
		};
		E738FBB82C7C72CB004696BD /* XCRemoteSwiftPackageReference "firebase-ios-sdk" */ = {
			isa = XCRemoteSwiftPackageReference;
			repositoryURL = "https://github.com/firebase/firebase-ios-sdk";
			requirement = {
				kind = upToNextMajorVersion;
				minimumVersion = 11.1.0;
			};
		};
		E7F598352C849E1300FE8900 /* XCRemoteSwiftPackageReference "KakaoMapsSDK-SPM" */ = {
			isa = XCRemoteSwiftPackageReference;
			repositoryURL = "https://github.com/kakao-mapsSDK/KakaoMapsSDK-SPM";
			requirement = {
				kind = upToNextMajorVersion;
				minimumVersion = 2.10.5;
			};
		};
/* End XCRemoteSwiftPackageReference section */

/* Begin XCSwiftPackageProductDependency section */
		A2085DA22C7D678400698923 /* GoogleSignIn */ = {
			isa = XCSwiftPackageProductDependency;
			package = A2085DA12C7D678400698923 /* XCRemoteSwiftPackageReference "GoogleSignIn-iOS" */;
			productName = GoogleSignIn;
		};
		A2085DA42C7D678400698923 /* GoogleSignInSwift */ = {
			isa = XCSwiftPackageProductDependency;
			package = A2085DA12C7D678400698923 /* XCRemoteSwiftPackageReference "GoogleSignIn-iOS" */;
			productName = GoogleSignInSwift;
		};
		A2F9FE5D2C8C4DAD004D7FF6 /* FirebaseStorage */ = {
			isa = XCSwiftPackageProductDependency;
			package = E738FBB82C7C72CB004696BD /* XCRemoteSwiftPackageReference "firebase-ios-sdk" */;
			productName = FirebaseStorage;
		};
		E738FBAF2C7C7074004696BD /* RxCocoa */ = {
			isa = XCSwiftPackageProductDependency;
			package = E738FBAE2C7C7074004696BD /* XCRemoteSwiftPackageReference "RxSwift" */;
			productName = RxCocoa;
		};
		E738FBB12C7C7074004696BD /* RxRelay */ = {
			isa = XCSwiftPackageProductDependency;
			package = E738FBAE2C7C7074004696BD /* XCRemoteSwiftPackageReference "RxSwift" */;
			productName = RxRelay;
		};
		E738FBB32C7C7074004696BD /* RxSwift */ = {
			isa = XCSwiftPackageProductDependency;
			package = E738FBAE2C7C7074004696BD /* XCRemoteSwiftPackageReference "RxSwift" */;
			productName = RxSwift;
		};
		E738FBB62C7C7215004696BD /* SnapKit */ = {
			isa = XCSwiftPackageProductDependency;
			package = E738FBB52C7C7215004696BD /* XCRemoteSwiftPackageReference "SnapKit" */;
			productName = SnapKit;
		};
		E738FBB92C7C72CB004696BD /* FirebaseAuth */ = {
			isa = XCSwiftPackageProductDependency;
			package = E738FBB82C7C72CB004696BD /* XCRemoteSwiftPackageReference "firebase-ios-sdk" */;
			productName = FirebaseAuth;
		};
		E738FBBB2C7C72CB004696BD /* FirebaseDatabase */ = {
			isa = XCSwiftPackageProductDependency;
			package = E738FBB82C7C72CB004696BD /* XCRemoteSwiftPackageReference "firebase-ios-sdk" */;
			productName = FirebaseDatabase;
		};
		E738FBBD2C7C72CB004696BD /* FirebaseFirestore */ = {
			isa = XCSwiftPackageProductDependency;
			package = E738FBB82C7C72CB004696BD /* XCRemoteSwiftPackageReference "firebase-ios-sdk" */;
			productName = FirebaseFirestore;
		};
		E7F598362C849E1300FE8900 /* KakaoMapsSDK-SPM */ = {
			isa = XCSwiftPackageProductDependency;
			package = E7F598352C849E1300FE8900 /* XCRemoteSwiftPackageReference "KakaoMapsSDK-SPM" */;
			productName = "KakaoMapsSDK-SPM";
		};
/* End XCSwiftPackageProductDependency section */
	};
	rootObject = E738FB6B2C7C62EE004696BD /* Project object */;
}
